# This file is automatically @generated by Cargo.
# It is not intended for manual editing.
version = 3

[[package]]
name = "purge_client"
version = "0.1.0"
dependencies = [
 "purge_common",
]

[[package]]
name = "purge_common"
version = "0.1.0"

[[package]]
name = "purge_server"
version = "0.1.0"
dependencies = [
 "purge_common",
]
